{
  "nodes": {
    "automous-zones": {
      "locked": {
        "lastModified": 1725375272,
        "narHash": "sha256-OASCToRBW0fNd8D9TlevPj5Gyab30WXWuWYR+TRBJ/k=",
        "owner": "the-computer-club",
        "repo": "automous-zones",
        "rev": "7f06e6879a1df3ca5272bbf33fd75c547e0708b4",
        "type": "github"
      },
      "original": {
        "owner": "the-computer-club",
        "repo": "automous-zones",
        "type": "github"
      }
    },
    "flake-compat": {
      "flake": false,
      "locked": {
        "lastModified": 1696426674,
        "narHash": "sha256-kvjfFW7WAETZlt09AgDn1MrtKzP7t90Vf7vypd3OL1U=",
        "owner": "edolstra",
        "repo": "flake-compat",
        "rev": "0f9255e01c2351cc7d116c072cb317785dd33b33",
        "type": "github"
      },
      "original": {
        "owner": "edolstra",
        "repo": "flake-compat",
        "type": "github"
      }
    },
    "flake-parts": {
      "inputs": {
        "nixpkgs-lib": "nixpkgs-lib"
      },
      "locked": {
        "lastModified": 1725234343,
        "narHash": "sha256-+ebgonl3NbiKD2UD0x4BszCZQ6sTfL4xioaM49o5B3Y=",
        "owner": "hercules-ci",
        "repo": "flake-parts",
        "rev": "567b938d64d4b4112ee253b9274472dc3a346eb6",
        "type": "github"
      },
      "original": {
        "owner": "hercules-ci",
        "repo": "flake-parts",
        "type": "github"
      }
    },
    "flake-utils": {
      "inputs": {
        "systems": "systems"
      },
      "locked": {
        "lastModified": 1710146030,
        "narHash": "sha256-SZ5L6eA7HJ/nmkzGG7/ISclqe6oZdOZTNoesiInkXPQ=",
        "owner": "numtide",
        "repo": "flake-utils",
        "rev": "b1d9ab70662946ef0850d488da1c9019f3a9752a",
        "type": "github"
      },
      "original": {
        "owner": "numtide",
        "repo": "flake-utils",
        "type": "github"
      }
    },
    "home-manager": {
      "inputs": {
        "nixpkgs": [
          "nixpkgs"
        ]
      },
      "locked": {
        "lastModified": 1725703823,
        "narHash": "sha256-tDgM4d8mLK0Hd6YMB2w1BqMto1XBXADOzPEaLl10VI4=",
        "owner": "nix-community",
        "repo": "home-manager",
        "rev": "208df2e558b73b6a1f0faec98493cb59a25f62ba",
        "type": "github"
      },
      "original": {
        "owner": "nix-community",
        "ref": "release-24.05",
        "repo": "home-manager",
        "type": "github"
      }
    },
    "nixpkgs": {
      "locked": {
        "lastModified": 1725930920,
        "narHash": "sha256-RVhD9hnlTT2nJzPHlAqrWqCkA7T6CYrP41IoVRkciZM=",
        "owner": "nixos",
        "repo": "nixpkgs",
        "rev": "44a71ff39c182edaf25a7ace5c9454e7cba2c658",
        "type": "github"
      },
      "original": {
        "owner": "nixos",
        "ref": "nixos-24.05",
        "repo": "nixpkgs",
        "type": "github"
      }
    },
    "nixpkgs-lib": {
      "locked": {
        "lastModified": 1725233747,
        "narHash": "sha256-Ss8QWLXdr2JCBPcYChJhz4xJm+h/xjl4G0c0XlP6a74=",
        "type": "tarball",
        "url": "https://github.com/NixOS/nixpkgs/archive/356624c12086a18f2ea2825fed34523d60ccc4e3.tar.gz"
      },
      "original": {
        "type": "tarball",
        "url": "https://github.com/NixOS/nixpkgs/archive/356624c12086a18f2ea2825fed34523d60ccc4e3.tar.gz"
      }
    },
    "nixpkgs-unstable": {
      "locked": {
        "lastModified": 1725983898,
        "narHash": "sha256-4b3A9zPpxAxLnkF9MawJNHDtOOl6ruL0r6Og1TEDGCE=",
        "owner": "nixos",
        "repo": "nixpkgs",
        "rev": "1355a0cbfeac61d785b7183c0caaec1f97361b43",
        "type": "github"
      },
      "original": {
        "owner": "nixos",
        "ref": "nixos-unstable",
        "repo": "nixpkgs",
        "type": "github"
      }
    },
    "nur": {
      "locked": {
        "lastModified": 1726101353,
        "narHash": "sha256-4roIhfUdCqvoMFFefN/153QtrN43LCxr/Y/euP8WllA=",
        "owner": "nix-community",
        "repo": "NUR",
        "rev": "ece16d1d67d9c9aa5d0a9f78ae5ff624450d6262",
        "type": "github"
      },
      "original": {
        "owner": "nix-community",
        "repo": "NUR",
        "type": "github"
      }
    },
    "root": {
      "inputs": {
        "automous-zones": "automous-zones",
        "flake-parts": "flake-parts",
        "home-manager": "home-manager",
        "nixpkgs": "nixpkgs",
        "nixpkgs-unstable": "nixpkgs-unstable",
        "nur": "nur",
        "scalcy": "scalcy",
        "vscode-extensions": "vscode-extensions"
      }
    },
    "scalcy": {
      "inputs": {
        "flake-parts": [
          "flake-parts"
        ],
        "nixpkgs": [
          "nixpkgs-unstable"
        ]
      },
      "locked": {
        "lastModified": 1725601667,
        "narHash": "sha256-mz5i5rbl79q4Suh8ghdAtZXyIRbqvKQv4jI4e2PunH0=",
        "owner": "simcra",
        "repo": "scalcy",
        "rev": "012296459c6879b14bf93fd699369dac341a162b",
        "type": "github"
      },
      "original": {
        "owner": "simcra",
        "repo": "scalcy",
        "type": "github"
      }
    },
    "systems": {
      "locked": {
        "lastModified": 1681028828,
        "narHash": "sha256-Vy1rq5AaRuLzOxct8nz4T6wlgyUR7zLU309k9mBC768=",
        "owner": "nix-systems",
        "repo": "default",
        "rev": "da67096a3b9bf56a91d16901293e51ba5b49a27e",
        "type": "github"
      },
      "original": {
        "owner": "nix-systems",
        "repo": "default",
        "type": "github"
      }
    },
    "vscode-extensions": {
      "inputs": {
        "flake-compat": "flake-compat",
        "flake-utils": "flake-utils",
        "nixpkgs": [
          "nixpkgs"
        ]
      },
      "locked": {
        "lastModified": 1726018610,
        "narHash": "sha256-ZzHoplvYlnpbdp0GbJFJPcAHX30DwkJb0ddKDxFy/1c=",
        "owner": "nix-community",
        "repo": "nix-vscode-extensions",
        "rev": "b25d873f9b0b451403d60dca7c37984971746ddb",
        "type": "github"
      },
      "original": {
        "owner": "nix-community",
        "repo": "nix-vscode-extensions",
        "type": "github"
      }
    }
  },
  "root": "root",
  "version": 7
}
